
Microsoft Visual Studio Solution File, Format Version 12.00
# Visual Studio Version 17
VisualStudioVersion = 17.11.35312.102
MinimumVisualStudioVersion = 10.0.40219.1
Project("{FAE04EC0-301F-11D3-BF4B-00C04F79EFBC}") = "Project1_AdoNetCustomer", "Project1_AdoNetCustomer\Project1_AdoNetCustomer.csproj", "{1690D159-1A0B-4E46-87A2-714340AC89BE}"
EndProject
Project("{FAE04EC0-301F-11D3-BF4B-00C04F79EFBC}") = "Project2_EntityFrameworkDbFirstProduct", "Project2_EntityFrameworkDbFirstProduct\Project2_EntityFrameworkDbFirstProduct.csproj", "{9E4BD285-7326-4CAC-98ED-1C4265E92310}"
EndProject
Project("{FAE04EC0-301F-11D3-BF4B-00C04F79EFBC}") = "Project3_EntityFrameworkStatistics", "Project3_EntityFrameworkStatistics\Project3_EntityFrameworkStatistics.csproj", "{EF78E711-002F-45A3-84D8-0D85970234A0}"
EndProject
Project("{FAE04EC0-301F-11D3-BF4B-00C04F79EFBC}") = "Project4_EntityFrameworkCodeFirstMovie", "Project4_EntityFrameworkCodeFirstMovie\Project4_EntityFrameworkCodeFirstMovie.csproj", "{EFB4F539-A481-4242-A85F-949111EE18B3}"
EndProject
Project("{FAE04EC0-301F-11D3-BF4B-00C04F79EFBC}") = "Project5_DapperNorthwind", "Porject5_DapperNorthwind\Project5_DapperNorthwind.csproj", "{487B8B6C-8B55-4FE0-AE98-D8781533FD7A}"
EndProject
Project("{9A19103F-16F7-4668-BE54-9A1E7A4F7556}") = "Project6_ApiWeather", "Project6_ApiWeather\Project6_ApiWeather.csproj", "{EF2E492E-1971-48BD-9B7D-FFAC14DF9185}"
EndProject
Project("{9A19103F-16F7-4668-BE54-9A1E7A4F7556}") = "Project7_ApiWeatherConsume", "Prject7_ApiWeatherConsume\Project7_ApiWeatherConsume.csproj", "{3DDB098C-F909-41F7-82BC-F7E85F8EA484}"
EndProject
Project("{FAE04EC0-301F-11D3-BF4B-00C04F79EFBC}") = "Project8_RapidApiCurrency", "Project8_RapidApiCurrency\Project8_RapidApiCurrency.csproj", "{560F6CB3-681C-4933-80E6-15198AA1ADAE}"
EndProject
Project("{FAE04EC0-301F-11D3-BF4B-00C04F79EFBC}") = "Project9_MongoDbOrder", "Project9_MongoDbOrder\Project9_MongoDbOrder.csproj", "{CB8C2BCC-D232-4890-85DC-199385F4873A}"
EndProject
Project("{FAE04EC0-301F-11D3-BF4B-00C04F79EFBC}") = "Project11_TriggerOrderStock", "Project11_TriggerOrderStock\Project11_TriggerOrderStock.csproj", "{CB73F996-B8FD-47C2-A699-3284482046C0}"
EndProject
Project("{FAE04EC0-301F-11D3-BF4B-00C04F79EFBC}") = "Project12_JwtToken", "Project12_JwtToken\Project12_JwtToken.csproj", "{1B20F543-3C08-45EE-9C61-4557475B3A78}"
EndProject
Project("{FAE04EC0-301F-11D3-BF4B-00C04F79EFBC}") = "Project13_WeatherApp", "Project13_WeatherApp\Project13_WeatherApp.csproj", "{F3839017-C770-42D5-ADEF-46DF09438CF5}"
EndProject
Project("{FAE04EC0-301F-11D3-BF4B-00C04F79EFBC}") = "Project14_SQLAllRelations", "Project14_SQLAllRelations\Project14_SQLAllRelations.csproj", "{4A839F13-D1AE-4618-A4EE-C96905FF7CD9}"
EndProject
Project("{FAE04EC0-301F-11D3-BF4B-00C04F79EFBC}") = "Project15_GasPriceSimulation", "Project15_GasPriceSimulation\Project15_GasPriceSimulation.csproj", "{6DFB1138-0459-4E8B-BBAC-3E20B6CF8DF2}"
EndProject
Project("{FAE04EC0-301F-11D3-BF4B-00C04F79EFBC}") = "Project16_MailRegister", "Project16_MailRegister\Project16_MailRegister.csproj", "{8DC0AA35-D4C0-4E2A-878F-DAA939923EBD}"
EndProject
Project("{FAE04EC0-301F-11D3-BF4B-00C04F79EFBC}") = "Project17_KaggleDataset", "Project17_KaggleDataset\Project17_KaggleDataset.csproj", "{609BAD23-86B7-4E98-B9AD-5084454D1A2F}"
EndProject
Project("{FAE04EC0-301F-11D3-BF4B-00C04F79EFBC}") = "Project18_DashboardSuperStoreDataset", "Project18_DashboardSuperStoreDataset\Project18_DashboardSuperStoreDataset.csproj", "{E2F16B3C-D467-4B0A-97F1-AEC7567B9328}"
EndProject
Project("{FAE04EC0-301F-11D3-BF4B-00C04F79EFBC}") = "Project19_TableStatusMomentary", "Project19_TableStatusMomentary\Project19_TableStatusMomentary.csproj", "{28433BCD-2F49-4195-8D51-2F2E9D230862}"
EndProject
Global
	GlobalSection(SolutionConfigurationPlatforms) = preSolution
		Debug|Any CPU = Debug|Any CPU
		Release|Any CPU = Release|Any CPU
	EndGlobalSection
	GlobalSection(ProjectConfigurationPlatforms) = postSolution
		{1690D159-1A0B-4E46-87A2-714340AC89BE}.Debug|Any CPU.ActiveCfg = Debug|Any CPU
		{1690D159-1A0B-4E46-87A2-714340AC89BE}.Debug|Any CPU.Build.0 = Debug|Any CPU
		{1690D159-1A0B-4E46-87A2-714340AC89BE}.Release|Any CPU.ActiveCfg = Release|Any CPU
		{1690D159-1A0B-4E46-87A2-714340AC89BE}.Release|Any CPU.Build.0 = Release|Any CPU
		{9E4BD285-7326-4CAC-98ED-1C4265E92310}.Debug|Any CPU.ActiveCfg = Debug|Any CPU
		{9E4BD285-7326-4CAC-98ED-1C4265E92310}.Debug|Any CPU.Build.0 = Debug|Any CPU
		{9E4BD285-7326-4CAC-98ED-1C4265E92310}.Release|Any CPU.ActiveCfg = Release|Any CPU
		{9E4BD285-7326-4CAC-98ED-1C4265E92310}.Release|Any CPU.Build.0 = Release|Any CPU
		{EF78E711-002F-45A3-84D8-0D85970234A0}.Debug|Any CPU.ActiveCfg = Debug|Any CPU
		{EF78E711-002F-45A3-84D8-0D85970234A0}.Debug|Any CPU.Build.0 = Debug|Any CPU
		{EF78E711-002F-45A3-84D8-0D85970234A0}.Release|Any CPU.ActiveCfg = Release|Any CPU
		{EF78E711-002F-45A3-84D8-0D85970234A0}.Release|Any CPU.Build.0 = Release|Any CPU
		{EFB4F539-A481-4242-A85F-949111EE18B3}.Debug|Any CPU.ActiveCfg = Debug|Any CPU
		{EFB4F539-A481-4242-A85F-949111EE18B3}.Debug|Any CPU.Build.0 = Debug|Any CPU
		{EFB4F539-A481-4242-A85F-949111EE18B3}.Release|Any CPU.ActiveCfg = Release|Any CPU
		{EFB4F539-A481-4242-A85F-949111EE18B3}.Release|Any CPU.Build.0 = Release|Any CPU
		{487B8B6C-8B55-4FE0-AE98-D8781533FD7A}.Debug|Any CPU.ActiveCfg = Debug|Any CPU
		{487B8B6C-8B55-4FE0-AE98-D8781533FD7A}.Debug|Any CPU.Build.0 = Debug|Any CPU
		{487B8B6C-8B55-4FE0-AE98-D8781533FD7A}.Release|Any CPU.ActiveCfg = Release|Any CPU
		{487B8B6C-8B55-4FE0-AE98-D8781533FD7A}.Release|Any CPU.Build.0 = Release|Any CPU
		{EF2E492E-1971-48BD-9B7D-FFAC14DF9185}.Debug|Any CPU.ActiveCfg = Debug|Any CPU
		{EF2E492E-1971-48BD-9B7D-FFAC14DF9185}.Debug|Any CPU.Build.0 = Debug|Any CPU
		{EF2E492E-1971-48BD-9B7D-FFAC14DF9185}.Release|Any CPU.ActiveCfg = Release|Any CPU
		{EF2E492E-1971-48BD-9B7D-FFAC14DF9185}.Release|Any CPU.Build.0 = Release|Any CPU
		{3DDB098C-F909-41F7-82BC-F7E85F8EA484}.Debug|Any CPU.ActiveCfg = Debug|Any CPU
		{3DDB098C-F909-41F7-82BC-F7E85F8EA484}.Debug|Any CPU.Build.0 = Debug|Any CPU
		{3DDB098C-F909-41F7-82BC-F7E85F8EA484}.Release|Any CPU.ActiveCfg = Release|Any CPU
		{3DDB098C-F909-41F7-82BC-F7E85F8EA484}.Release|Any CPU.Build.0 = Release|Any CPU
		{560F6CB3-681C-4933-80E6-15198AA1ADAE}.Debug|Any CPU.ActiveCfg = Debug|Any CPU
		{560F6CB3-681C-4933-80E6-15198AA1ADAE}.Debug|Any CPU.Build.0 = Debug|Any CPU
		{560F6CB3-681C-4933-80E6-15198AA1ADAE}.Release|Any CPU.ActiveCfg = Release|Any CPU
		{560F6CB3-681C-4933-80E6-15198AA1ADAE}.Release|Any CPU.Build.0 = Release|Any CPU
		{CB8C2BCC-D232-4890-85DC-199385F4873A}.Debug|Any CPU.ActiveCfg = Debug|Any CPU
		{CB8C2BCC-D232-4890-85DC-199385F4873A}.Debug|Any CPU.Build.0 = Debug|Any CPU
		{CB8C2BCC-D232-4890-85DC-199385F4873A}.Release|Any CPU.ActiveCfg = Release|Any CPU
		{CB8C2BCC-D232-4890-85DC-199385F4873A}.Release|Any CPU.Build.0 = Release|Any CPU
		{CB73F996-B8FD-47C2-A699-3284482046C0}.Debug|Any CPU.ActiveCfg = Debug|Any CPU
		{CB73F996-B8FD-47C2-A699-3284482046C0}.Debug|Any CPU.Build.0 = Debug|Any CPU
		{CB73F996-B8FD-47C2-A699-3284482046C0}.Release|Any CPU.ActiveCfg = Release|Any CPU
		{CB73F996-B8FD-47C2-A699-3284482046C0}.Release|Any CPU.Build.0 = Release|Any CPU
		{1B20F543-3C08-45EE-9C61-4557475B3A78}.Debug|Any CPU.ActiveCfg = Debug|Any CPU
		{1B20F543-3C08-45EE-9C61-4557475B3A78}.Debug|Any CPU.Build.0 = Debug|Any CPU
		{1B20F543-3C08-45EE-9C61-4557475B3A78}.Release|Any CPU.ActiveCfg = Release|Any CPU
		{1B20F543-3C08-45EE-9C61-4557475B3A78}.Release|Any CPU.Build.0 = Release|Any CPU
		{F3839017-C770-42D5-ADEF-46DF09438CF5}.Debug|Any CPU.ActiveCfg = Debug|Any CPU
		{F3839017-C770-42D5-ADEF-46DF09438CF5}.Debug|Any CPU.Build.0 = Debug|Any CPU
		{F3839017-C770-42D5-ADEF-46DF09438CF5}.Release|Any CPU.ActiveCfg = Release|Any CPU
		{F3839017-C770-42D5-ADEF-46DF09438CF5}.Release|Any CPU.Build.0 = Release|Any CPU
		{4A839F13-D1AE-4618-A4EE-C96905FF7CD9}.Debug|Any CPU.ActiveCfg = Debug|Any CPU
		{4A839F13-D1AE-4618-A4EE-C96905FF7CD9}.Debug|Any CPU.Build.0 = Debug|Any CPU
		{4A839F13-D1AE-4618-A4EE-C96905FF7CD9}.Release|Any CPU.ActiveCfg = Release|Any CPU
		{4A839F13-D1AE-4618-A4EE-C96905FF7CD9}.Release|Any CPU.Build.0 = Release|Any CPU
		{6DFB1138-0459-4E8B-BBAC-3E20B6CF8DF2}.Debug|Any CPU.ActiveCfg = Debug|Any CPU
		{6DFB1138-0459-4E8B-BBAC-3E20B6CF8DF2}.Debug|Any CPU.Build.0 = Debug|Any CPU
		{6DFB1138-0459-4E8B-BBAC-3E20B6CF8DF2}.Release|Any CPU.ActiveCfg = Release|Any CPU
		{6DFB1138-0459-4E8B-BBAC-3E20B6CF8DF2}.Release|Any CPU.Build.0 = Release|Any CPU
		{8DC0AA35-D4C0-4E2A-878F-DAA939923EBD}.Debug|Any CPU.ActiveCfg = Debug|Any CPU
		{8DC0AA35-D4C0-4E2A-878F-DAA939923EBD}.Debug|Any CPU.Build.0 = Debug|Any CPU
		{8DC0AA35-D4C0-4E2A-878F-DAA939923EBD}.Release|Any CPU.ActiveCfg = Release|Any CPU
		{8DC0AA35-D4C0-4E2A-878F-DAA939923EBD}.Release|Any CPU.Build.0 = Release|Any CPU
		{609BAD23-86B7-4E98-B9AD-5084454D1A2F}.Debug|Any CPU.ActiveCfg = Debug|Any CPU
		{609BAD23-86B7-4E98-B9AD-5084454D1A2F}.Debug|Any CPU.Build.0 = Debug|Any CPU
		{609BAD23-86B7-4E98-B9AD-5084454D1A2F}.Release|Any CPU.ActiveCfg = Release|Any CPU
		{609BAD23-86B7-4E98-B9AD-5084454D1A2F}.Release|Any CPU.Build.0 = Release|Any CPU
		{E2F16B3C-D467-4B0A-97F1-AEC7567B9328}.Debug|Any CPU.ActiveCfg = Debug|Any CPU
		{E2F16B3C-D467-4B0A-97F1-AEC7567B9328}.Debug|Any CPU.Build.0 = Debug|Any CPU
		{E2F16B3C-D467-4B0A-97F1-AEC7567B9328}.Release|Any CPU.ActiveCfg = Release|Any CPU
		{E2F16B3C-D467-4B0A-97F1-AEC7567B9328}.Release|Any CPU.Build.0 = Release|Any CPU
		{28433BCD-2F49-4195-8D51-2F2E9D230862}.Debug|Any CPU.ActiveCfg = Debug|Any CPU
		{28433BCD-2F49-4195-8D51-2F2E9D230862}.Debug|Any CPU.Build.0 = Debug|Any CPU
		{28433BCD-2F49-4195-8D51-2F2E9D230862}.Release|Any CPU.ActiveCfg = Release|Any CPU
		{28433BCD-2F49-4195-8D51-2F2E9D230862}.Release|Any CPU.Build.0 = Release|Any CPU
	EndGlobalSection
	GlobalSection(SolutionProperties) = preSolution
		HideSolutionNode = FALSE
	EndGlobalSection
	GlobalSection(ExtensibilityGlobals) = postSolution
		SolutionGuid = {71358B9F-77F7-492F-94D3-73ABB8EBEC93}
	EndGlobalSection
EndGlobal
